
Microsoft Visual Studio Solution File, Format Version 10.00
# Visual Studio 2008
Project("{8BC9CEB8-8B4A-11D0-8D11-00A0C91BC942}") = "ADQAPI_two_units_multirecord", "ADQAPI_two_units_multirecord.vcproj", "{FDD858A9-41BC-4DA1-A620-F13EF6273846}"
EndProject
Global
	GlobalSection(SolutionConfigurationPlatforms) = preSolution
		Debug|Win32 = Debug|Win32
		Debug|x64 = Debug|x64
		Release|Win32 = Release|Win32
		Release|x64 = Release|x64
	EndGlobalSection
	GlobalSection(ProjectConfigurationPlatforms) = postSolution
		{FDD858A9-41BC-4DA1-A620-F13EF6273846}.Debug|Win32.ActiveCfg = Debug|Win32
		{FDD858A9-41BC-4DA1-A620-F13EF6273846}.Debug|Win32.Build.0 = Debug|Win32
		{FDD858A9-41BC-4DA1-A620-F13EF6273846}.Debug|x64.ActiveCfg = Debug|x64
		{FDD858A9-41BC-4DA1-A620-F13EF6273846}.Debug|x64.Build.0 = Debug|x64
		{FDD858A9-41BC-4DA1-A620-F13EF6273846}.Release|Win32.ActiveCfg = Release|Win32
		{FDD858A9-41BC-4DA1-A620-F13EF6273846}.Release|Win32.Build.0 = Release|Win32
		{FDD858A9-41BC-4DA1-A620-F13EF6273846}.Release|x64.ActiveCfg = Release|x64
		{FDD858A9-41BC-4DA1-A620-F13EF6273846}.Release|x64.Build.0 = Release|x64
	EndGlobalSection
	GlobalSection(SolutionProperties) = preSolution
		HideSolutionNode = FALSE
	EndGlobalSection
EndGlobal
